<?xml version="1.0" encoding="utf-8"?>
<Project ToolsVersion="4.0" xmlns="http://schemas.microsoft.com/developer/msbuild/2003">
  <ItemGroup>
    <Filter Include="Source Files">
      <UniqueIdentifier>{4FC737F1-C7A5-4376-A066-2A32D752A2FF}</UniqueIdentifier>
      <Extensions>cpp;c;cc;cxx;def;odl;idl;hpj;bat;asm;asmx</Extensions>
    </Filter>
    <Filter Include="Header Files">
      <UniqueIdentifier>{93995380-89BD-4b04-88EB-625FBE52EBFB}</UniqueIdentifier>
      <Extensions>h;hh;hpp;hxx;hm;inl;inc;ipp;xsd</Extensions>
    </Filter>
    <Filter Include="Resource Files">
      <UniqueIdentifier>{67DA6AB6-F800-4c08-8B7A-83BB121AAD01}</UniqueIdentifier>
      <Extensions>rc;ico;cur;bmp;dlg;rc2;rct;bin;rgs;gif;jpg;jpeg;jpe;resx;tiff;tif;png;wav;mfcribbon-ms</Extensions>
    </Filter>
    <Filter Include="Source Files\Nodes">
      <UniqueIdentifier>{7c6a22d5-5fc4-40a1-b7ef-363c5f93913e}</UniqueIdentifier>
    </Filter>
    <Filter Include="Header Files\Nodes">
      <UniqueIdentifier>{82738cfe-bec6-4e28-87c0-78c60e2d0eff}</UniqueIdentifier>
    </Filter>
    <Filter Include="Header Files\Lists">
      <UniqueIdentifier>{f64e3ecf-015b-4b59-8fb6-4d710956494a}</UniqueIdentifier>
    </Filter>
    <Filter Include="Source Files\Lists">
      <UniqueIdentifier>{c9e4e349-cd5d-46ed-bcfb-a90ae2b94469}</UniqueIdentifier>
    </Filter>
  </ItemGroup>
  <ItemGroup>
    <ClCompile Include="driver.cpp">
      <Filter>Source Files</Filter>
    </ClCompile>
    <ClCompile Include="node.cpp">
      <Filter>Source Files\Nodes</Filter>
    </ClCompile>
    <ClCompile Include="Linked_Node.cpp">
      <Filter>Source Files\Nodes</Filter>
    </ClCompile>
    <ClCompile Include="Double_Linked_Node.cpp">
      <Filter>Source Files\Nodes</Filter>
    </ClCompile>
    <ClCompile Include="LinkedList.cpp">
      <Filter>Source Files\Lists</Filter>
    </ClCompile>
  </ItemGroup>
  <ItemGroup>
    <ClInclude Include="node.h">
      <Filter>Header Files\Nodes</Filter>
    </ClInclude>
    <ClInclude Include="Double_Linked_Node.h">
      <Filter>Header Files\Nodes</Filter>
    </ClInclude>
    <ClInclude Include="Linked_Node.h">
      <Filter>Header Files\Nodes</Filter>
    </ClInclude>
    <ClInclude Include="LinkedList.h">
      <Filter>Header Files\Lists</Filter>
    </ClInclude>
  </ItemGroup>
</Project>